<?xml version="1.0" encoding="UTF-8" standalone="yes" ?>
<CodeBlocks_project_file>
	<FileVersion major="1" minor="6" />
	<Project>
		<Option title="TP1-Trabalho" />
		<Option makefile="makefile" />
		<Option pch_mode="2" />
		<Option compiler="gcc" />
		<Build>
			<Target title="Debug">
				<Option output="bin/Debug/TP1-Trabalho" prefix_auto="1" extension_auto="1" />
				<Option object_output="obj/Debug/" />
				<Option type="1" />
				<Option compiler="gcc" />
				<Compiler>
					<Add option="-g" />
					<Add directory="include" />
					<Add directory="C:/msys64/mingw64/include/pdcurses" />
					<Add directory="C:/msys64/mingw64/include" />
				</Compiler>
				<Linker>
					<Add library="sqlite3" />
					<Add library="C:/msys64/mingw64/lib/libsqlite3.a" />
					<Add library="C:/msys64/mingw64/lib/libpdcurses.a" />
					<Add library="C:/msys64/mingw64/lib/libuser32.a" />
					<Add library="C:/msys64/mingw64/lib/libgdi32.a" />
					<Add library="C:/msys64/mingw64/lib/libkernel32.a" />
					<Add library="C:/msys64/mingw64/lib/libcomdlg32.a" />
					<Add library="C:/msys64/mingw64/lib/libwinmm.a" />
					<Add directory="C:/msys64/mingw64/lib" />
				</Linker>
			</Target>
			<Target title="Release">
				<Option output="bin/Release/TP1-Trabalho" prefix_auto="1" extension_auto="1" />
				<Option object_output="obj/Release/" />
				<Option type="1" />
				<Option compiler="gcc" />
				<Compiler>
					<Add option="-O2" />
				</Compiler>
				<Linker>
					<Add option="-s" />
				</Linker>
			</Target>
		</Build>
		<Compiler>
			<Add option="-Wall" />
			<Add option="-fexceptions" />
		</Compiler>
		<Unit filename="include/dominios/Duracao.hpp" />
		<Unit filename="include/dominios/Horario.hpp" />
		<Unit filename="include/dominios/Senha.hpp" />
		<Unit filename="include/dominios/avaliacao.hpp" />
		<Unit filename="include/dominios/codigo.hpp" />
		<Unit filename="include/dominios/data.hpp" />
		<Unit filename="include/dominios/dinheiro.hpp" />
		<Unit filename="include/dominios/nome.hpp" />
		<Unit filename="include/entidades/Atividade.hpp" />
		<Unit filename="include/entidades/Conta.hpp" />
		<Unit filename="include/entidades/Destino.hpp" />
		<Unit filename="include/entidades/Hospedagem.hpp" />
		<Unit filename="include/entidades/Viagem.hpp" />
		<Unit filename="include/entidades/viajante.hpp" />
		<Unit filename="include/interfaces/IRepositorio.hpp" />
		<Unit filename="include/interfaces/IRepositorioViagem.hpp" />
		<Unit filename="include/repositorios/RepositorioAtividade.hpp" />
		<Unit filename="include/repositorios/RepositorioAutenticacao.hpp" />
		<Unit filename="include/repositorios/RepositorioBase.hpp" />
		<Unit filename="include/repositorios/RepositorioDestino.hpp" />
		<Unit filename="include/repositorios/RepositorioHospedagem.hpp" />
		<Unit filename="include/repositorios/RepositorioViagem.hpp" />
		<Unit filename="include/servicos/ServicoAtividade.hpp" />
		<Unit filename="include/servicos/ServicoAutenticacao.hpp" />
		<Unit filename="include/servicos/ServicoDestino.hpp" />
		<Unit filename="include/servicos/ServicoHospedagem.hpp" />
		<Unit filename="include/servicos/ServicoViagem.hpp" />
		<Unit filename="include/telas/TelaAtividade.hpp" />
		<Unit filename="include/telas/TelaAutenticacao.hpp" />
		<Unit filename="include/telas/TelaBase.hpp" />
		<Unit filename="include/telas/TelaCadastro.hpp" />
		<Unit filename="include/telas/TelaDestino.hpp" />
		<Unit filename="include/telas/TelaHospedagem.hpp" />
		<Unit filename="include/telas/TelaPrincipal.hpp" />
		<Unit filename="include/telas/TelaRelatorios.hpp" />
		<Unit filename="include/telas/TelaViagem.hpp" />
		<Unit filename="include/testes/TUConta.hpp" />
		<Unit filename="include/testes/TestBase.hpp" />
		<Unit filename="include/testes/TesteAvaliacao.hpp" />
		<Unit filename="include/testes/TesteCodigo.hpp" />
		<Unit filename="include/testes/TesteData.hpp" />
		<Unit filename="include/testes/TesteDinheiro.hpp" />
		<Unit filename="include/testes/TesteDuracao.hpp" />
		<Unit filename="include/testes/TesteHorario.hpp" />
		<Unit filename="include/testes/TesteNome.hpp" />
		<Unit filename="include/testes/TesteSenha.hpp" />
		<Unit filename="main.cpp" />
		<Unit filename="src/dominios/Duracao.cpp" />
		<Unit filename="src/dominios/Horario.cpp" />
		<Unit filename="src/dominios/Senha.cpp" />
		<Unit filename="src/dominios/avaliacao.cpp" />
		<Unit filename="src/dominios/codigo.cpp" />
		<Unit filename="src/dominios/data.cpp" />
		<Unit filename="src/dominios/dinheiro.cpp" />
		<Unit filename="src/dominios/nome.cpp" />
		<Unit filename="src/repositorios/RepositorioAtividade.cpp" />
		<Unit filename="src/repositorios/RepositorioAutenticacao.cpp" />
		<Unit filename="src/repositorios/RepositorioBase.cpp" />
		<Unit filename="src/repositorios/RepositorioDestino.cpp" />
		<Unit filename="src/repositorios/RepositorioHospedagem.cpp" />
		<Unit filename="src/repositorios/RepositorioViagem.cpp" />
		<Unit filename="src/servicos/ServicoAtividade.cpp" />
		<Unit filename="src/servicos/ServicoAutenticacao.cpp" />
		<Unit filename="src/servicos/ServicoDestino.cpp" />
		<Unit filename="src/servicos/ServicoHospedagem.cpp" />
		<Unit filename="src/servicos/ServicoViagem.cpp" />
		<Unit filename="src/telas/TelaAtividade.cpp" />
		<Unit filename="src/telas/TelaAutenticacao.cpp" />
		<Unit filename="src/telas/TelaBase.cpp" />
		<Unit filename="src/telas/TelaCadastro.cpp" />
		<Unit filename="src/telas/TelaDestino.cpp" />
		<Unit filename="src/telas/TelaHospedagem.cpp" />
		<Unit filename="src/telas/TelaPrincipal.cpp" />
		<Unit filename="src/telas/TelaRelatorios.cpp" />
		<Unit filename="src/telas/TelaViagem.cpp" />
		<Unit filename="src/testes/TUConta.cpp" />
		<Unit filename="src/testes/TesteAvaliacao.cpp" />
		<Unit filename="src/testes/TesteCodigo.cpp" />
		<Unit filename="src/testes/TesteData.cpp" />
		<Unit filename="src/testes/TesteDinheiro.cpp" />
		<Unit filename="src/testes/TesteDuracao.cpp" />
		<Unit filename="src/testes/TesteHorario.cpp" />
		<Unit filename="src/testes/TesteNome.cpp" />
		<Unit filename="src/testes/TesteSenha.cpp" />
		<Extensions>
			<lib_finder disable_auto="1" />
		</Extensions>
	</Project>
</CodeBlocks_project_file>
